
Microsoft Visual Studio Solution File, Format Version 12.00
# Visual Studio Version 17
VisualStudioVersion = 17.1.32328.378
MinimumVisualStudioVersion = 10.0.40219.1
Project("{FAE04EC0-301F-11D3-BF4B-00C04F79EFBC}") = "ZooSimulatorApp", "ZooSimulatorApp\ZooSimulatorApp.csproj", "{7370352F-0012-47D3-B982-820A33431EBA}"
EndProject
Global
	GlobalSection(SolutionConfigurationPlatforms) = preSolution
		Debug|Any CPU = Debug|Any CPU
		Release|Any CPU = Release|Any CPU
	EndGlobalSection
	GlobalSection(ProjectConfigurationPlatforms) = postSolution
		{7370352F-0012-47D3-B982-820A33431EBA}.Debug|Any CPU.ActiveCfg = Debug|Any CPU
		{7370352F-0012-47D3-B982-820A33431EBA}.Debug|Any CPU.Build.0 = Debug|Any CPU
		{7370352F-0012-47D3-B982-820A33431EBA}.Release|Any CPU.ActiveCfg = Release|Any CPU
		{7370352F-0012-47D3-B982-820A33431EBA}.Release|Any CPU.Build.0 = Release|Any CPU
	EndGlobalSection
	GlobalSection(SolutionProperties) = preSolution
		HideSolutionNode = FALSE
	EndGlobalSection
	GlobalSection(ExtensibilityGlobals) = postSolution
		SolutionGuid = {A397E943-EFB3-435B-9E53-330CF2FCCF42}
	EndGlobalSection
EndGlobal
